{
  "name": "HelpMeCom",
  "lockfileVersion": 3,
  "requires": true,
  "packages": {
    "": {
      "dependencies": {
        "@fontsource/poppins": "^5.0.14"
      }
    },
    "node_modules/@fontsource/poppins": {
      "version": "5.0.14",
      "resolved": "https://registry.npmjs.org/@fontsource/poppins/-/poppins-5.0.14.tgz",
      "integrity": "sha512-nmM1zpPo3Uh4JcGAVSQuWaZNYh2FbbwWhZ5t6hRaynmJaNTBW85d3nEh9zMmzI0HX7X5xqQVdRHeDatKpOGsnA=="
    }
  }
}
